
Microsoft Visual Studio Solution File, Format Version 12.00
# Visual Studio Version 17
VisualStudioVersion = 17.0.31903.59
MinimumVisualStudioVersion = 10.0.40219.1
Project("{2150E333-8FDC-42A3-9474-1A3956D46DE8}") = "src", "src", "{BCDBA371-0EB3-49B5-8AD5-F6F55ADB9129}"
EndProject
Project("{2150E333-8FDC-42A3-9474-1A3956D46DE8}") = "Backend", "Backend", "{E6BB1596-9696-4D59-9F16-29EDB4CAC1A3}"
EndProject
Project("{2150E333-8FDC-42A3-9474-1A3956D46DE8}") = "ApiGateway", "ApiGateway", "{E429A8FE-C9A4-41B1-8275-B21ACAFB97CF}"
EndProject
Project("{9A19103F-16F7-4668-BE54-9A1E7A4F7556}") = "ApiGateway.Infrastructure", "src\Backend\ApiGateway\Infrastructure\ApiGateway.Infrastructure.csproj", "{6D661117-8711-4100-8D62-48265D8FF594}"
EndProject
Project("{2150E333-8FDC-42A3-9474-1A3956D46DE8}") = "Shared", "Shared", "{5AD09FDA-77EE-42DE-9265-6AC03DE865DE}"
EndProject
Project("{9A19103F-16F7-4668-BE54-9A1E7A4F7556}") = "Shared.Domain", "src\Backend\Shared\Domain\Shared.Domain.csproj", "{95F20A2F-F23D-4B00-8947-26A72AC9FC82}"
EndProject
Project("{9A19103F-16F7-4668-BE54-9A1E7A4F7556}") = "Shared.Application", "src\Backend\Shared\Application\Shared.Application.csproj", "{860152AE-A145-4896-A44F-E1E483FB7E06}"
EndProject
Project("{9A19103F-16F7-4668-BE54-9A1E7A4F7556}") = "Shared.Infrastructure", "src\Backend\Shared\Infrastructure\Shared.Infrastructure.csproj", "{95F2C4F7-D786-40B3-8724-67E59E11F4B1}"
EndProject
Project("{2150E333-8FDC-42A3-9474-1A3956D46DE8}") = "AccessControl", "AccessControl", "{F06FF958-B52F-4BED-BC7E-AD2A4E576309}"
EndProject
Project("{9A19103F-16F7-4668-BE54-9A1E7A4F7556}") = "AccessControl.Domain", "src\Backend\AccessControl\Domain\AccessControl.Domain.csproj", "{9D1780B0-1ED6-4BAE-B6D0-2042097FCC19}"
EndProject
Project("{9A19103F-16F7-4668-BE54-9A1E7A4F7556}") = "AccessControl.Application", "src\Backend\AccessControl\Application\AccessControl.Application.csproj", "{45C9479E-2D1F-483E-9A71-F3B29EFC951E}"
EndProject
Project("{9A19103F-16F7-4668-BE54-9A1E7A4F7556}") = "AccessControl.Infrastructure", "src\Backend\AccessControl\Infrastructure\AccessControl.Infrastructure.csproj", "{1B83E3D1-E7CB-4999-83A9-D8FC80A84B96}"
EndProject
Project("{2150E333-8FDC-42A3-9474-1A3956D46DE8}") = "Assessments", "Assessments", "{EB714F04-043F-48EB-9238-0BE61E20C4D6}"
EndProject
Project("{9A19103F-16F7-4668-BE54-9A1E7A4F7556}") = "Assessments.Domain", "src\Backend\Assessments\Domain\Assessments.Domain.csproj", "{E3E9590A-A66A-44A5-9DF3-1AAD198EFC33}"
EndProject
Project("{9A19103F-16F7-4668-BE54-9A1E7A4F7556}") = "Assessments.Application", "src\Backend\Assessments\Application\Assessments.Application.csproj", "{BA40F9E2-7756-4C05-99D3-21EE51582E32}"
EndProject
Project("{9A19103F-16F7-4668-BE54-9A1E7A4F7556}") = "Assessments.Infrastructure", "src\Backend\Assessments\Infrastructure\Assessments.Infrastructure.csproj", "{369457E3-FD0B-47DE-AF6A-32AC0046621F}"
EndProject
Project("{2150E333-8FDC-42A3-9474-1A3956D46DE8}") = "Profiles", "Profiles", "{E6B07F08-6630-4083-AAB1-1FA3F4862322}"
EndProject
Project("{9A19103F-16F7-4668-BE54-9A1E7A4F7556}") = "Profiles.Domain", "src\Backend\Profiles\Domain\Profiles.Domain.csproj", "{14CC66E9-0F28-46D6-9EB3-D81F970DF550}"
EndProject
Project("{9A19103F-16F7-4668-BE54-9A1E7A4F7556}") = "Profiles.Application", "src\Backend\Profiles\Application\Profiles.Application.csproj", "{3121EA87-688D-409F-9A9E-F29B82F510FF}"
EndProject
Project("{9A19103F-16F7-4668-BE54-9A1E7A4F7556}") = "Profiles.Infrastructure", "src\Backend\Profiles\Infrastructure\Profiles.Infrastructure.csproj", "{09528462-4C77-4211-9A55-8C7BD1510B9C}"
EndProject
Project("{2150E333-8FDC-42A3-9474-1A3956D46DE8}") = "Analytics", "Analytics", "{4FD30D97-98D4-4B95-83B3-1F99A1C58392}"
EndProject
Project("{9A19103F-16F7-4668-BE54-9A1E7A4F7556}") = "Analytics.Domain", "src\Backend\Analytics\Domain\Analytics.Domain.csproj", "{E445E400-067A-491E-9349-389D69D74042}"
EndProject
Project("{9A19103F-16F7-4668-BE54-9A1E7A4F7556}") = "Analytics.Application", "src\Backend\Analytics\Application\Analytics.Application.csproj", "{1BA898B0-487F-481A-A72C-17DD8C0A6D21}"
EndProject
Project("{9A19103F-16F7-4668-BE54-9A1E7A4F7556}") = "Analytics.Infrastructure", "src\Backend\Analytics\Infrastructure\Analytics.Infrastructure.csproj", "{F6C1F7E3-992A-4EBE-8320-D61FF930E36F}"
EndProject
Project("{2150E333-8FDC-42A3-9474-1A3956D46DE8}") = "QueryBank", "QueryBank", "{BA2DA6A7-0BB0-430D-AC6B-BA544390AF5B}"
EndProject
Project("{9A19103F-16F7-4668-BE54-9A1E7A4F7556}") = "QueryBank.Domain", "src\Backend\QueryBank\Domain\QueryBank.Domain.csproj", "{979BB615-3109-4DB8-B54E-581C1EC40634}"
EndProject
Project("{9A19103F-16F7-4668-BE54-9A1E7A4F7556}") = "QueryBank.Application", "src\Backend\QueryBank\Application\QueryBank.Application.csproj", "{30F231D3-7687-4D18-9C09-8E96BB62A2BB}"
EndProject
Project("{9A19103F-16F7-4668-BE54-9A1E7A4F7556}") = "QueryBank.Infrastructure", "src\Backend\QueryBank\Infrastructure\QueryBank.Infrastructure.csproj", "{AE92D762-690D-4966-822F-5B4C4DA184E4}"
EndProject
Project("{FAE04EC0-301F-11D3-BF4B-00C04F79EFBC}") = "QueryBank.EventConsumer", "src\Backend\QueryBank\EventConsumer\QueryBank.EventConsumer.csproj", "{3FBB7B01-EB5F-40BA-B2DF-30A1FA16086B}"
EndProject
Project("{FAE04EC0-301F-11D3-BF4B-00C04F79EFBC}") = "Profiles.EventConsumer", "src\Backend\Profiles\EventConsumer\Profiles.EventConsumer.csproj", "{9BE54229-22D3-4E4D-90F2-5D071C049692}"
EndProject
Project("{FAE04EC0-301F-11D3-BF4B-00C04F79EFBC}") = "Shared.EventConsumer", "src\Backend\Shared\EventConsumer\Shared.EventConsumer.csproj", "{89D9D54F-A60B-42E3-8A13-1D299B61708F}"
EndProject
Project("{FAE04EC0-301F-11D3-BF4B-00C04F79EFBC}") = "Backend.Tests", "src\Backend.Tests\Backend.Tests.csproj", "{B6AA9510-C4C0-45FC-86AE-591CE6DDF4A6}"
EndProject
Global
	GlobalSection(SolutionConfigurationPlatforms) = preSolution
		Debug|Any CPU = Debug|Any CPU
		Release|Any CPU = Release|Any CPU
	EndGlobalSection
	GlobalSection(ProjectConfigurationPlatforms) = postSolution
		{6D661117-8711-4100-8D62-48265D8FF594}.Debug|Any CPU.ActiveCfg = Debug|Any CPU
		{6D661117-8711-4100-8D62-48265D8FF594}.Debug|Any CPU.Build.0 = Debug|Any CPU
		{6D661117-8711-4100-8D62-48265D8FF594}.Release|Any CPU.ActiveCfg = Release|Any CPU
		{6D661117-8711-4100-8D62-48265D8FF594}.Release|Any CPU.Build.0 = Release|Any CPU
		{95F20A2F-F23D-4B00-8947-26A72AC9FC82}.Debug|Any CPU.ActiveCfg = Debug|Any CPU
		{95F20A2F-F23D-4B00-8947-26A72AC9FC82}.Debug|Any CPU.Build.0 = Debug|Any CPU
		{95F20A2F-F23D-4B00-8947-26A72AC9FC82}.Release|Any CPU.ActiveCfg = Release|Any CPU
		{95F20A2F-F23D-4B00-8947-26A72AC9FC82}.Release|Any CPU.Build.0 = Release|Any CPU
		{860152AE-A145-4896-A44F-E1E483FB7E06}.Debug|Any CPU.ActiveCfg = Debug|Any CPU
		{860152AE-A145-4896-A44F-E1E483FB7E06}.Debug|Any CPU.Build.0 = Debug|Any CPU
		{860152AE-A145-4896-A44F-E1E483FB7E06}.Release|Any CPU.ActiveCfg = Release|Any CPU
		{860152AE-A145-4896-A44F-E1E483FB7E06}.Release|Any CPU.Build.0 = Release|Any CPU
		{95F2C4F7-D786-40B3-8724-67E59E11F4B1}.Debug|Any CPU.ActiveCfg = Debug|Any CPU
		{95F2C4F7-D786-40B3-8724-67E59E11F4B1}.Debug|Any CPU.Build.0 = Debug|Any CPU
		{95F2C4F7-D786-40B3-8724-67E59E11F4B1}.Release|Any CPU.ActiveCfg = Release|Any CPU
		{95F2C4F7-D786-40B3-8724-67E59E11F4B1}.Release|Any CPU.Build.0 = Release|Any CPU
		{9D1780B0-1ED6-4BAE-B6D0-2042097FCC19}.Debug|Any CPU.ActiveCfg = Debug|Any CPU
		{9D1780B0-1ED6-4BAE-B6D0-2042097FCC19}.Debug|Any CPU.Build.0 = Debug|Any CPU
		{9D1780B0-1ED6-4BAE-B6D0-2042097FCC19}.Release|Any CPU.ActiveCfg = Release|Any CPU
		{9D1780B0-1ED6-4BAE-B6D0-2042097FCC19}.Release|Any CPU.Build.0 = Release|Any CPU
		{45C9479E-2D1F-483E-9A71-F3B29EFC951E}.Debug|Any CPU.ActiveCfg = Debug|Any CPU
		{45C9479E-2D1F-483E-9A71-F3B29EFC951E}.Debug|Any CPU.Build.0 = Debug|Any CPU
		{45C9479E-2D1F-483E-9A71-F3B29EFC951E}.Release|Any CPU.ActiveCfg = Release|Any CPU
		{45C9479E-2D1F-483E-9A71-F3B29EFC951E}.Release|Any CPU.Build.0 = Release|Any CPU
		{1B83E3D1-E7CB-4999-83A9-D8FC80A84B96}.Debug|Any CPU.ActiveCfg = Debug|Any CPU
		{1B83E3D1-E7CB-4999-83A9-D8FC80A84B96}.Debug|Any CPU.Build.0 = Debug|Any CPU
		{1B83E3D1-E7CB-4999-83A9-D8FC80A84B96}.Release|Any CPU.ActiveCfg = Release|Any CPU
		{1B83E3D1-E7CB-4999-83A9-D8FC80A84B96}.Release|Any CPU.Build.0 = Release|Any CPU
		{E3E9590A-A66A-44A5-9DF3-1AAD198EFC33}.Debug|Any CPU.ActiveCfg = Debug|Any CPU
		{E3E9590A-A66A-44A5-9DF3-1AAD198EFC33}.Debug|Any CPU.Build.0 = Debug|Any CPU
		{E3E9590A-A66A-44A5-9DF3-1AAD198EFC33}.Release|Any CPU.ActiveCfg = Release|Any CPU
		{E3E9590A-A66A-44A5-9DF3-1AAD198EFC33}.Release|Any CPU.Build.0 = Release|Any CPU
		{BA40F9E2-7756-4C05-99D3-21EE51582E32}.Debug|Any CPU.ActiveCfg = Debug|Any CPU
		{BA40F9E2-7756-4C05-99D3-21EE51582E32}.Debug|Any CPU.Build.0 = Debug|Any CPU
		{BA40F9E2-7756-4C05-99D3-21EE51582E32}.Release|Any CPU.ActiveCfg = Release|Any CPU
		{BA40F9E2-7756-4C05-99D3-21EE51582E32}.Release|Any CPU.Build.0 = Release|Any CPU
		{369457E3-FD0B-47DE-AF6A-32AC0046621F}.Debug|Any CPU.ActiveCfg = Debug|Any CPU
		{369457E3-FD0B-47DE-AF6A-32AC0046621F}.Debug|Any CPU.Build.0 = Debug|Any CPU
		{369457E3-FD0B-47DE-AF6A-32AC0046621F}.Release|Any CPU.ActiveCfg = Release|Any CPU
		{369457E3-FD0B-47DE-AF6A-32AC0046621F}.Release|Any CPU.Build.0 = Release|Any CPU
		{14CC66E9-0F28-46D6-9EB3-D81F970DF550}.Debug|Any CPU.ActiveCfg = Debug|Any CPU
		{14CC66E9-0F28-46D6-9EB3-D81F970DF550}.Debug|Any CPU.Build.0 = Debug|Any CPU
		{14CC66E9-0F28-46D6-9EB3-D81F970DF550}.Release|Any CPU.ActiveCfg = Release|Any CPU
		{14CC66E9-0F28-46D6-9EB3-D81F970DF550}.Release|Any CPU.Build.0 = Release|Any CPU
		{3121EA87-688D-409F-9A9E-F29B82F510FF}.Debug|Any CPU.ActiveCfg = Debug|Any CPU
		{3121EA87-688D-409F-9A9E-F29B82F510FF}.Debug|Any CPU.Build.0 = Debug|Any CPU
		{3121EA87-688D-409F-9A9E-F29B82F510FF}.Release|Any CPU.ActiveCfg = Release|Any CPU
		{3121EA87-688D-409F-9A9E-F29B82F510FF}.Release|Any CPU.Build.0 = Release|Any CPU
		{09528462-4C77-4211-9A55-8C7BD1510B9C}.Debug|Any CPU.ActiveCfg = Debug|Any CPU
		{09528462-4C77-4211-9A55-8C7BD1510B9C}.Debug|Any CPU.Build.0 = Debug|Any CPU
		{09528462-4C77-4211-9A55-8C7BD1510B9C}.Release|Any CPU.ActiveCfg = Release|Any CPU
		{09528462-4C77-4211-9A55-8C7BD1510B9C}.Release|Any CPU.Build.0 = Release|Any CPU
		{E445E400-067A-491E-9349-389D69D74042}.Debug|Any CPU.ActiveCfg = Debug|Any CPU
		{E445E400-067A-491E-9349-389D69D74042}.Debug|Any CPU.Build.0 = Debug|Any CPU
		{E445E400-067A-491E-9349-389D69D74042}.Release|Any CPU.ActiveCfg = Release|Any CPU
		{E445E400-067A-491E-9349-389D69D74042}.Release|Any CPU.Build.0 = Release|Any CPU
		{1BA898B0-487F-481A-A72C-17DD8C0A6D21}.Debug|Any CPU.ActiveCfg = Debug|Any CPU
		{1BA898B0-487F-481A-A72C-17DD8C0A6D21}.Debug|Any CPU.Build.0 = Debug|Any CPU
		{1BA898B0-487F-481A-A72C-17DD8C0A6D21}.Release|Any CPU.ActiveCfg = Release|Any CPU
		{1BA898B0-487F-481A-A72C-17DD8C0A6D21}.Release|Any CPU.Build.0 = Release|Any CPU
		{F6C1F7E3-992A-4EBE-8320-D61FF930E36F}.Debug|Any CPU.ActiveCfg = Debug|Any CPU
		{F6C1F7E3-992A-4EBE-8320-D61FF930E36F}.Debug|Any CPU.Build.0 = Debug|Any CPU
		{F6C1F7E3-992A-4EBE-8320-D61FF930E36F}.Release|Any CPU.ActiveCfg = Release|Any CPU
		{F6C1F7E3-992A-4EBE-8320-D61FF930E36F}.Release|Any CPU.Build.0 = Release|Any CPU
		{979BB615-3109-4DB8-B54E-581C1EC40634}.Debug|Any CPU.ActiveCfg = Debug|Any CPU
		{979BB615-3109-4DB8-B54E-581C1EC40634}.Debug|Any CPU.Build.0 = Debug|Any CPU
		{979BB615-3109-4DB8-B54E-581C1EC40634}.Release|Any CPU.ActiveCfg = Release|Any CPU
		{979BB615-3109-4DB8-B54E-581C1EC40634}.Release|Any CPU.Build.0 = Release|Any CPU
		{30F231D3-7687-4D18-9C09-8E96BB62A2BB}.Debug|Any CPU.ActiveCfg = Debug|Any CPU
		{30F231D3-7687-4D18-9C09-8E96BB62A2BB}.Debug|Any CPU.Build.0 = Debug|Any CPU
		{30F231D3-7687-4D18-9C09-8E96BB62A2BB}.Release|Any CPU.ActiveCfg = Release|Any CPU
		{30F231D3-7687-4D18-9C09-8E96BB62A2BB}.Release|Any CPU.Build.0 = Release|Any CPU
		{AE92D762-690D-4966-822F-5B4C4DA184E4}.Debug|Any CPU.ActiveCfg = Debug|Any CPU
		{AE92D762-690D-4966-822F-5B4C4DA184E4}.Debug|Any CPU.Build.0 = Debug|Any CPU
		{AE92D762-690D-4966-822F-5B4C4DA184E4}.Release|Any CPU.ActiveCfg = Release|Any CPU
		{AE92D762-690D-4966-822F-5B4C4DA184E4}.Release|Any CPU.Build.0 = Release|Any CPU
		{3FBB7B01-EB5F-40BA-B2DF-30A1FA16086B}.Debug|Any CPU.ActiveCfg = Debug|Any CPU
		{3FBB7B01-EB5F-40BA-B2DF-30A1FA16086B}.Debug|Any CPU.Build.0 = Debug|Any CPU
		{3FBB7B01-EB5F-40BA-B2DF-30A1FA16086B}.Release|Any CPU.ActiveCfg = Release|Any CPU
		{3FBB7B01-EB5F-40BA-B2DF-30A1FA16086B}.Release|Any CPU.Build.0 = Release|Any CPU
		{9BE54229-22D3-4E4D-90F2-5D071C049692}.Debug|Any CPU.ActiveCfg = Debug|Any CPU
		{9BE54229-22D3-4E4D-90F2-5D071C049692}.Debug|Any CPU.Build.0 = Debug|Any CPU
		{9BE54229-22D3-4E4D-90F2-5D071C049692}.Release|Any CPU.ActiveCfg = Release|Any CPU
		{9BE54229-22D3-4E4D-90F2-5D071C049692}.Release|Any CPU.Build.0 = Release|Any CPU
		{89D9D54F-A60B-42E3-8A13-1D299B61708F}.Debug|Any CPU.ActiveCfg = Debug|Any CPU
		{89D9D54F-A60B-42E3-8A13-1D299B61708F}.Debug|Any CPU.Build.0 = Debug|Any CPU
		{89D9D54F-A60B-42E3-8A13-1D299B61708F}.Release|Any CPU.ActiveCfg = Release|Any CPU
		{89D9D54F-A60B-42E3-8A13-1D299B61708F}.Release|Any CPU.Build.0 = Release|Any CPU
		{B6AA9510-C4C0-45FC-86AE-591CE6DDF4A6}.Debug|Any CPU.ActiveCfg = Debug|Any CPU
		{B6AA9510-C4C0-45FC-86AE-591CE6DDF4A6}.Debug|Any CPU.Build.0 = Debug|Any CPU
		{B6AA9510-C4C0-45FC-86AE-591CE6DDF4A6}.Release|Any CPU.ActiveCfg = Release|Any CPU
		{B6AA9510-C4C0-45FC-86AE-591CE6DDF4A6}.Release|Any CPU.Build.0 = Release|Any CPU
	EndGlobalSection
	GlobalSection(SolutionProperties) = preSolution
		HideSolutionNode = FALSE
	EndGlobalSection
	GlobalSection(NestedProjects) = preSolution
		{E6BB1596-9696-4D59-9F16-29EDB4CAC1A3} = {BCDBA371-0EB3-49B5-8AD5-F6F55ADB9129}
		{E429A8FE-C9A4-41B1-8275-B21ACAFB97CF} = {E6BB1596-9696-4D59-9F16-29EDB4CAC1A3}
		{6D661117-8711-4100-8D62-48265D8FF594} = {E429A8FE-C9A4-41B1-8275-B21ACAFB97CF}
		{5AD09FDA-77EE-42DE-9265-6AC03DE865DE} = {E6BB1596-9696-4D59-9F16-29EDB4CAC1A3}
		{95F20A2F-F23D-4B00-8947-26A72AC9FC82} = {5AD09FDA-77EE-42DE-9265-6AC03DE865DE}
		{860152AE-A145-4896-A44F-E1E483FB7E06} = {5AD09FDA-77EE-42DE-9265-6AC03DE865DE}
		{95F2C4F7-D786-40B3-8724-67E59E11F4B1} = {5AD09FDA-77EE-42DE-9265-6AC03DE865DE}
		{F06FF958-B52F-4BED-BC7E-AD2A4E576309} = {E6BB1596-9696-4D59-9F16-29EDB4CAC1A3}
		{9D1780B0-1ED6-4BAE-B6D0-2042097FCC19} = {F06FF958-B52F-4BED-BC7E-AD2A4E576309}
		{45C9479E-2D1F-483E-9A71-F3B29EFC951E} = {F06FF958-B52F-4BED-BC7E-AD2A4E576309}
		{1B83E3D1-E7CB-4999-83A9-D8FC80A84B96} = {F06FF958-B52F-4BED-BC7E-AD2A4E576309}
		{EB714F04-043F-48EB-9238-0BE61E20C4D6} = {E6BB1596-9696-4D59-9F16-29EDB4CAC1A3}
		{E3E9590A-A66A-44A5-9DF3-1AAD198EFC33} = {EB714F04-043F-48EB-9238-0BE61E20C4D6}
		{BA40F9E2-7756-4C05-99D3-21EE51582E32} = {EB714F04-043F-48EB-9238-0BE61E20C4D6}
		{369457E3-FD0B-47DE-AF6A-32AC0046621F} = {EB714F04-043F-48EB-9238-0BE61E20C4D6}
		{E6B07F08-6630-4083-AAB1-1FA3F4862322} = {E6BB1596-9696-4D59-9F16-29EDB4CAC1A3}
		{14CC66E9-0F28-46D6-9EB3-D81F970DF550} = {E6B07F08-6630-4083-AAB1-1FA3F4862322}
		{3121EA87-688D-409F-9A9E-F29B82F510FF} = {E6B07F08-6630-4083-AAB1-1FA3F4862322}
		{09528462-4C77-4211-9A55-8C7BD1510B9C} = {E6B07F08-6630-4083-AAB1-1FA3F4862322}
		{4FD30D97-98D4-4B95-83B3-1F99A1C58392} = {E6BB1596-9696-4D59-9F16-29EDB4CAC1A3}
		{E445E400-067A-491E-9349-389D69D74042} = {4FD30D97-98D4-4B95-83B3-1F99A1C58392}
		{1BA898B0-487F-481A-A72C-17DD8C0A6D21} = {4FD30D97-98D4-4B95-83B3-1F99A1C58392}
		{F6C1F7E3-992A-4EBE-8320-D61FF930E36F} = {4FD30D97-98D4-4B95-83B3-1F99A1C58392}
		{BA2DA6A7-0BB0-430D-AC6B-BA544390AF5B} = {E6BB1596-9696-4D59-9F16-29EDB4CAC1A3}
		{979BB615-3109-4DB8-B54E-581C1EC40634} = {BA2DA6A7-0BB0-430D-AC6B-BA544390AF5B}
		{30F231D3-7687-4D18-9C09-8E96BB62A2BB} = {BA2DA6A7-0BB0-430D-AC6B-BA544390AF5B}
		{AE92D762-690D-4966-822F-5B4C4DA184E4} = {BA2DA6A7-0BB0-430D-AC6B-BA544390AF5B}
		{3FBB7B01-EB5F-40BA-B2DF-30A1FA16086B} = {BA2DA6A7-0BB0-430D-AC6B-BA544390AF5B}
		{9BE54229-22D3-4E4D-90F2-5D071C049692} = {E6B07F08-6630-4083-AAB1-1FA3F4862322}
		{89D9D54F-A60B-42E3-8A13-1D299B61708F} = {5AD09FDA-77EE-42DE-9265-6AC03DE865DE}
		{B6AA9510-C4C0-45FC-86AE-591CE6DDF4A6} = {BCDBA371-0EB3-49B5-8AD5-F6F55ADB9129}
	EndGlobalSection
	GlobalSection(ExtensibilityGlobals) = postSolution
		SolutionGuid = {24E6F688-029A-4CD7-9424-D87949D440F6}
	EndGlobalSection
EndGlobal
