
Microsoft Visual Studio Solution File, Format Version 12.00
# Visual Studio Version 17
VisualStudioVersion = 17.0.31903.59
MinimumVisualStudioVersion = 10.0.40219.1
Project("{2150E333-8FDC-42A3-9474-1A3956D46DE8}") = "src", "src", "{BCDBA371-0EB3-49B5-8AD5-F6F55ADB9129}"
EndProject
Project("{2150E333-8FDC-42A3-9474-1A3956D46DE8}") = "Backend", "Backend", "{E6BB1596-9696-4D59-9F16-29EDB4CAC1A3}"
EndProject
Project("{2150E333-8FDC-42A3-9474-1A3956D46DE8}") = "ApiGateway", "ApiGateway", "{E429A8FE-C9A4-41B1-8275-B21ACAFB97CF}"
EndProject
Project("{9A19103F-16F7-4668-BE54-9A1E7A4F7556}") = "ApiGateway.Infrastructure", "src\Backend\ApiGateway\Infrastructure\ApiGateway.Infrastructure.csproj", "{6D661117-8711-4100-8D62-48265D8FF594}"
EndProject
Project("{2150E333-8FDC-42A3-9474-1A3956D46DE8}") = "Shared", "Shared", "{5AD09FDA-77EE-42DE-9265-6AC03DE865DE}"
EndProject
Project("{9A19103F-16F7-4668-BE54-9A1E7A4F7556}") = "Shared.Domain", "src\Backend\Shared\Domain\Shared.Domain.csproj", "{95F20A2F-F23D-4B00-8947-26A72AC9FC82}"
EndProject
Project("{FAE04EC0-301F-11D3-BF4B-00C04F79EFBC}") = "Shared.Application", "src\Backend\Shared\Application\Shared.Application.csproj", "{860152AE-A145-4896-A44F-E1E483FB7E06}"
EndProject
Project("{FAE04EC0-301F-11D3-BF4B-00C04F79EFBC}") = "Shared.Infrastructure", "src\Backend\Shared\Infrastructure\Shared.Infrastructure.csproj", "{95F2C4F7-D786-40B3-8724-67E59E11F4B1}"
EndProject
Project("{2150E333-8FDC-42A3-9474-1A3956D46DE8}") = "AccessControl", "AccessControl", "{F06FF958-B52F-4BED-BC7E-AD2A4E576309}"
EndProject
Project("{9A19103F-16F7-4668-BE54-9A1E7A4F7556}") = "AccessControl.Domain", "src\Backend\AccessControl\Domain\AccessControl.Domain.csproj", "{9D1780B0-1ED6-4BAE-B6D0-2042097FCC19}"
EndProject
Project("{FAE04EC0-301F-11D3-BF4B-00C04F79EFBC}") = "AccessControl.Application", "src\Backend\AccessControl\Application\AccessControl.Application.csproj", "{45C9479E-2D1F-483E-9A71-F3B29EFC951E}"
EndProject
Project("{FAE04EC0-301F-11D3-BF4B-00C04F79EFBC}") = "AccessControl.Infrastructure", "src\Backend\AccessControl\Infrastructure\AccessControl.Infrastructure.csproj", "{1B83E3D1-E7CB-4999-83A9-D8FC80A84B96}"
EndProject
Project("{2150E333-8FDC-42A3-9474-1A3956D46DE8}") = "Assessments", "Assessments", "{EB714F04-043F-48EB-9238-0BE61E20C4D6}"
EndProject
Project("{9A19103F-16F7-4668-BE54-9A1E7A4F7556}") = "Assessments.Domain", "src\Backend\Assessments\Domain\Assessments.Domain.csproj", "{E3E9590A-A66A-44A5-9DF3-1AAD198EFC33}"
EndProject
Project("{FAE04EC0-301F-11D3-BF4B-00C04F79EFBC}") = "Assessments.Application", "src\Backend\Assessments\Application\Assessments.Application.csproj", "{BA40F9E2-7756-4C05-99D3-21EE51582E32}"
EndProject
Project("{FAE04EC0-301F-11D3-BF4B-00C04F79EFBC}") = "Assessments.Infrastructure", "src\Backend\Assessments\Infrastructure\Assessments.Infrastructure.csproj", "{369457E3-FD0B-47DE-AF6A-32AC0046621F}"
EndProject
Project("{2150E333-8FDC-42A3-9474-1A3956D46DE8}") = "Profiles", "Profiles", "{E6B07F08-6630-4083-AAB1-1FA3F4862322}"
EndProject
Project("{FAE04EC0-301F-11D3-BF4B-00C04F79EFBC}") = "Profiles.Domain", "src\Backend\Profiles\Domain\Profiles.Domain.csproj", "{14CC66E9-0F28-46D6-9EB3-D81F970DF550}"
EndProject
Project("{FAE04EC0-301F-11D3-BF4B-00C04F79EFBC}") = "Profiles.Application", "src\Backend\Profiles\Application\Profiles.Application.csproj", "{3121EA87-688D-409F-9A9E-F29B82F510FF}"
EndProject
Project("{FAE04EC0-301F-11D3-BF4B-00C04F79EFBC}") = "Profiles.Infrastructure", "src\Backend\Profiles\Infrastructure\Profiles.Infrastructure.csproj", "{09528462-4C77-4211-9A55-8C7BD1510B9C}"
EndProject
Global
	GlobalSection(SolutionConfigurationPlatforms) = preSolution
		Debug|Any CPU = Debug|Any CPU
		Release|Any CPU = Release|Any CPU
	EndGlobalSection
	GlobalSection(ProjectConfigurationPlatforms) = postSolution
		{6D661117-8711-4100-8D62-48265D8FF594}.Debug|Any CPU.ActiveCfg = Debug|Any CPU
		{6D661117-8711-4100-8D62-48265D8FF594}.Debug|Any CPU.Build.0 = Debug|Any CPU
		{6D661117-8711-4100-8D62-48265D8FF594}.Release|Any CPU.ActiveCfg = Release|Any CPU
		{6D661117-8711-4100-8D62-48265D8FF594}.Release|Any CPU.Build.0 = Release|Any CPU
		{95F20A2F-F23D-4B00-8947-26A72AC9FC82}.Debug|Any CPU.ActiveCfg = Debug|Any CPU
		{95F20A2F-F23D-4B00-8947-26A72AC9FC82}.Debug|Any CPU.Build.0 = Debug|Any CPU
		{95F20A2F-F23D-4B00-8947-26A72AC9FC82}.Release|Any CPU.ActiveCfg = Release|Any CPU
		{95F20A2F-F23D-4B00-8947-26A72AC9FC82}.Release|Any CPU.Build.0 = Release|Any CPU
		{860152AE-A145-4896-A44F-E1E483FB7E06}.Debug|Any CPU.ActiveCfg = Debug|Any CPU
		{860152AE-A145-4896-A44F-E1E483FB7E06}.Debug|Any CPU.Build.0 = Debug|Any CPU
		{860152AE-A145-4896-A44F-E1E483FB7E06}.Release|Any CPU.ActiveCfg = Release|Any CPU
		{860152AE-A145-4896-A44F-E1E483FB7E06}.Release|Any CPU.Build.0 = Release|Any CPU
		{95F2C4F7-D786-40B3-8724-67E59E11F4B1}.Debug|Any CPU.ActiveCfg = Debug|Any CPU
		{95F2C4F7-D786-40B3-8724-67E59E11F4B1}.Debug|Any CPU.Build.0 = Debug|Any CPU
		{95F2C4F7-D786-40B3-8724-67E59E11F4B1}.Release|Any CPU.ActiveCfg = Release|Any CPU
		{95F2C4F7-D786-40B3-8724-67E59E11F4B1}.Release|Any CPU.Build.0 = Release|Any CPU
		{9D1780B0-1ED6-4BAE-B6D0-2042097FCC19}.Debug|Any CPU.ActiveCfg = Debug|Any CPU
		{9D1780B0-1ED6-4BAE-B6D0-2042097FCC19}.Debug|Any CPU.Build.0 = Debug|Any CPU
		{9D1780B0-1ED6-4BAE-B6D0-2042097FCC19}.Release|Any CPU.ActiveCfg = Release|Any CPU
		{9D1780B0-1ED6-4BAE-B6D0-2042097FCC19}.Release|Any CPU.Build.0 = Release|Any CPU
		{45C9479E-2D1F-483E-9A71-F3B29EFC951E}.Debug|Any CPU.ActiveCfg = Debug|Any CPU
		{45C9479E-2D1F-483E-9A71-F3B29EFC951E}.Debug|Any CPU.Build.0 = Debug|Any CPU
		{45C9479E-2D1F-483E-9A71-F3B29EFC951E}.Release|Any CPU.ActiveCfg = Release|Any CPU
		{45C9479E-2D1F-483E-9A71-F3B29EFC951E}.Release|Any CPU.Build.0 = Release|Any CPU
		{1B83E3D1-E7CB-4999-83A9-D8FC80A84B96}.Debug|Any CPU.ActiveCfg = Debug|Any CPU
		{1B83E3D1-E7CB-4999-83A9-D8FC80A84B96}.Debug|Any CPU.Build.0 = Debug|Any CPU
		{1B83E3D1-E7CB-4999-83A9-D8FC80A84B96}.Release|Any CPU.ActiveCfg = Release|Any CPU
		{1B83E3D1-E7CB-4999-83A9-D8FC80A84B96}.Release|Any CPU.Build.0 = Release|Any CPU
		{E3E9590A-A66A-44A5-9DF3-1AAD198EFC33}.Debug|Any CPU.ActiveCfg = Debug|Any CPU
		{E3E9590A-A66A-44A5-9DF3-1AAD198EFC33}.Debug|Any CPU.Build.0 = Debug|Any CPU
		{E3E9590A-A66A-44A5-9DF3-1AAD198EFC33}.Release|Any CPU.ActiveCfg = Release|Any CPU
		{E3E9590A-A66A-44A5-9DF3-1AAD198EFC33}.Release|Any CPU.Build.0 = Release|Any CPU
		{BA40F9E2-7756-4C05-99D3-21EE51582E32}.Debug|Any CPU.ActiveCfg = Debug|Any CPU
		{BA40F9E2-7756-4C05-99D3-21EE51582E32}.Debug|Any CPU.Build.0 = Debug|Any CPU
		{BA40F9E2-7756-4C05-99D3-21EE51582E32}.Release|Any CPU.ActiveCfg = Release|Any CPU
		{BA40F9E2-7756-4C05-99D3-21EE51582E32}.Release|Any CPU.Build.0 = Release|Any CPU
		{369457E3-FD0B-47DE-AF6A-32AC0046621F}.Debug|Any CPU.ActiveCfg = Debug|Any CPU
		{369457E3-FD0B-47DE-AF6A-32AC0046621F}.Debug|Any CPU.Build.0 = Debug|Any CPU
		{369457E3-FD0B-47DE-AF6A-32AC0046621F}.Release|Any CPU.ActiveCfg = Release|Any CPU
		{369457E3-FD0B-47DE-AF6A-32AC0046621F}.Release|Any CPU.Build.0 = Release|Any CPU
		{14CC66E9-0F28-46D6-9EB3-D81F970DF550}.Debug|Any CPU.ActiveCfg = Debug|Any CPU
		{14CC66E9-0F28-46D6-9EB3-D81F970DF550}.Debug|Any CPU.Build.0 = Debug|Any CPU
		{14CC66E9-0F28-46D6-9EB3-D81F970DF550}.Release|Any CPU.ActiveCfg = Release|Any CPU
		{14CC66E9-0F28-46D6-9EB3-D81F970DF550}.Release|Any CPU.Build.0 = Release|Any CPU
		{3121EA87-688D-409F-9A9E-F29B82F510FF}.Debug|Any CPU.ActiveCfg = Debug|Any CPU
		{3121EA87-688D-409F-9A9E-F29B82F510FF}.Debug|Any CPU.Build.0 = Debug|Any CPU
		{3121EA87-688D-409F-9A9E-F29B82F510FF}.Release|Any CPU.ActiveCfg = Release|Any CPU
		{3121EA87-688D-409F-9A9E-F29B82F510FF}.Release|Any CPU.Build.0 = Release|Any CPU
		{09528462-4C77-4211-9A55-8C7BD1510B9C}.Debug|Any CPU.ActiveCfg = Debug|Any CPU
		{09528462-4C77-4211-9A55-8C7BD1510B9C}.Debug|Any CPU.Build.0 = Debug|Any CPU
		{09528462-4C77-4211-9A55-8C7BD1510B9C}.Release|Any CPU.ActiveCfg = Release|Any CPU
		{09528462-4C77-4211-9A55-8C7BD1510B9C}.Release|Any CPU.Build.0 = Release|Any CPU
	EndGlobalSection
	GlobalSection(SolutionProperties) = preSolution
		HideSolutionNode = FALSE
	EndGlobalSection
	GlobalSection(NestedProjects) = preSolution
		{E6BB1596-9696-4D59-9F16-29EDB4CAC1A3} = {BCDBA371-0EB3-49B5-8AD5-F6F55ADB9129}
		{E429A8FE-C9A4-41B1-8275-B21ACAFB97CF} = {E6BB1596-9696-4D59-9F16-29EDB4CAC1A3}
		{6D661117-8711-4100-8D62-48265D8FF594} = {E429A8FE-C9A4-41B1-8275-B21ACAFB97CF}
		{5AD09FDA-77EE-42DE-9265-6AC03DE865DE} = {E6BB1596-9696-4D59-9F16-29EDB4CAC1A3}
		{95F20A2F-F23D-4B00-8947-26A72AC9FC82} = {5AD09FDA-77EE-42DE-9265-6AC03DE865DE}
		{860152AE-A145-4896-A44F-E1E483FB7E06} = {5AD09FDA-77EE-42DE-9265-6AC03DE865DE}
		{95F2C4F7-D786-40B3-8724-67E59E11F4B1} = {5AD09FDA-77EE-42DE-9265-6AC03DE865DE}
		{F06FF958-B52F-4BED-BC7E-AD2A4E576309} = {E6BB1596-9696-4D59-9F16-29EDB4CAC1A3}
		{9D1780B0-1ED6-4BAE-B6D0-2042097FCC19} = {F06FF958-B52F-4BED-BC7E-AD2A4E576309}
		{45C9479E-2D1F-483E-9A71-F3B29EFC951E} = {F06FF958-B52F-4BED-BC7E-AD2A4E576309}
		{1B83E3D1-E7CB-4999-83A9-D8FC80A84B96} = {F06FF958-B52F-4BED-BC7E-AD2A4E576309}
		{EB714F04-043F-48EB-9238-0BE61E20C4D6} = {E6BB1596-9696-4D59-9F16-29EDB4CAC1A3}
		{E3E9590A-A66A-44A5-9DF3-1AAD198EFC33} = {EB714F04-043F-48EB-9238-0BE61E20C4D6}
		{BA40F9E2-7756-4C05-99D3-21EE51582E32} = {EB714F04-043F-48EB-9238-0BE61E20C4D6}
		{369457E3-FD0B-47DE-AF6A-32AC0046621F} = {EB714F04-043F-48EB-9238-0BE61E20C4D6}
		{E6B07F08-6630-4083-AAB1-1FA3F4862322} = {E6BB1596-9696-4D59-9F16-29EDB4CAC1A3}
		{14CC66E9-0F28-46D6-9EB3-D81F970DF550} = {E6B07F08-6630-4083-AAB1-1FA3F4862322}
		{3121EA87-688D-409F-9A9E-F29B82F510FF} = {E6B07F08-6630-4083-AAB1-1FA3F4862322}
		{09528462-4C77-4211-9A55-8C7BD1510B9C} = {E6B07F08-6630-4083-AAB1-1FA3F4862322}
	EndGlobalSection
EndGlobal
