
Microsoft Visual Studio Solution File, Format Version 12.00
# Visual Studio Version 17
VisualStudioVersion = 17.0.31903.59
MinimumVisualStudioVersion = 10.0.40219.1
Project("{2150E333-8FDC-42A3-9474-1A3956D46DE8}") = "src", "src", "{BCDBA371-0EB3-49B5-8AD5-F6F55ADB9129}"
EndProject
Project("{2150E333-8FDC-42A3-9474-1A3956D46DE8}") = "Backend", "Backend", "{E6BB1596-9696-4D59-9F16-29EDB4CAC1A3}"
EndProject
Project("{2150E333-8FDC-42A3-9474-1A3956D46DE8}") = "ApiGateway", "ApiGateway", "{E429A8FE-C9A4-41B1-8275-B21ACAFB97CF}"
EndProject
Project("{FAE04EC0-301F-11D3-BF4B-00C04F79EFBC}") = "ApiGateway.Infrastructure", "src\Backend\ApiGateway\Infrastructure\ApiGateway.Infrastructure.csproj", "{6D661117-8711-4100-8D62-48265D8FF594}"
EndProject
Project("{FAE04EC0-301F-11D3-BF4B-00C04F79EFBC}") = "ApiGateway.Infrastructure.Tests", "src\Backend\ApiGateway\Infrastructure.Tests\ApiGateway.Infrastructure.Tests.csproj", "{8F7FB483-1CA1-4D2E-9C9F-1243B166B7E9}"
EndProject
Project("{2150E333-8FDC-42A3-9474-1A3956D46DE8}") = "Shared", "Shared", "{5AD09FDA-77EE-42DE-9265-6AC03DE865DE}"
EndProject
Project("{FAE04EC0-301F-11D3-BF4B-00C04F79EFBC}") = "Shared.Domain", "src\Backend\Shared\Domain\Shared.Domain.csproj", "{95F20A2F-F23D-4B00-8947-26A72AC9FC82}"
EndProject
Project("{FAE04EC0-301F-11D3-BF4B-00C04F79EFBC}") = "Shared.Domain.Tests", "src\Backend\Shared\Domain.Tests\Shared.Domain.Tests.csproj", "{553014A3-5353-49C1-AB58-83B77E98AA59}"
EndProject
Project("{FAE04EC0-301F-11D3-BF4B-00C04F79EFBC}") = "Shared.Application", "src\Backend\Shared\Application\Shared.Application.csproj", "{860152AE-A145-4896-A44F-E1E483FB7E06}"
EndProject
Project("{FAE04EC0-301F-11D3-BF4B-00C04F79EFBC}") = "Shared.Application.Tests", "src\Backend\Shared\Application.Tests\Shared.Application.Tests.csproj", "{635214D8-3F2C-4CE2-ADB4-C5028E131DEA}"
EndProject
Project("{FAE04EC0-301F-11D3-BF4B-00C04F79EFBC}") = "Shared.Infrastructure", "src\Backend\Shared\Infrastructure\Shared.Infrastructure.csproj", "{95F2C4F7-D786-40B3-8724-67E59E11F4B1}"
EndProject
Project("{FAE04EC0-301F-11D3-BF4B-00C04F79EFBC}") = "Shared.Infrastructure.Tests", "src\Backend\Shared\Infrastructure.Tests\Shared.Infrastructure.Tests.csproj", "{324C9180-BA6A-4273-A80A-3391B91EA80F}"
EndProject
Project("{2150E333-8FDC-42A3-9474-1A3956D46DE8}") = "AccessControl", "AccessControl", "{F06FF958-B52F-4BED-BC7E-AD2A4E576309}"
EndProject
Project("{FAE04EC0-301F-11D3-BF4B-00C04F79EFBC}") = "AccessControl.Domain", "src\Backend\AccessControl\Domain\AccessControl.Domain.csproj", "{9D1780B0-1ED6-4BAE-B6D0-2042097FCC19}"
EndProject
Project("{FAE04EC0-301F-11D3-BF4B-00C04F79EFBC}") = "AccessControl.Domain.Tests", "src\Backend\AccessControl\Domain.Tests\AccessControl.Domain.Tests.csproj", "{B7912B1C-C7A9-47D6-AC54-6527582DE3F6}"
EndProject
Project("{FAE04EC0-301F-11D3-BF4B-00C04F79EFBC}") = "AccessControl.Application", "src\Backend\AccessControl\Application\AccessControl.Application.csproj", "{45C9479E-2D1F-483E-9A71-F3B29EFC951E}"
EndProject
Project("{FAE04EC0-301F-11D3-BF4B-00C04F79EFBC}") = "AccessControl.Application.Tests", "src\Backend\AccessControl\Application.Tests\AccessControl.Application.Tests.csproj", "{FFEE01A7-F1E3-4075-84B4-8D15E31E3B33}"
EndProject
Project("{FAE04EC0-301F-11D3-BF4B-00C04F79EFBC}") = "AccessControl.Infrastructure", "src\Backend\AccessControl\Infrastructure\AccessControl.Infrastructure.csproj", "{1B83E3D1-E7CB-4999-83A9-D8FC80A84B96}"
EndProject
Project("{FAE04EC0-301F-11D3-BF4B-00C04F79EFBC}") = "AccessControl.Infrastructure.Tests", "src\Backend\AccessControl\Infrastructure.Tests\AccessControl.Infrastructure.Tests.csproj", "{007490D3-8C07-4488-9141-F627E0A99F7F}"
EndProject
Project("{2150E333-8FDC-42A3-9474-1A3956D46DE8}") = "Assessments", "Assessments", "{EB714F04-043F-48EB-9238-0BE61E20C4D6}"
EndProject
Project("{FAE04EC0-301F-11D3-BF4B-00C04F79EFBC}") = "Assessments.Domain", "src\Backend\Assessments\Domain\Assessments.Domain.csproj", "{E3E9590A-A66A-44A5-9DF3-1AAD198EFC33}"
EndProject
Project("{FAE04EC0-301F-11D3-BF4B-00C04F79EFBC}") = "Assessments.Domain.Tests", "src\Backend\Assessments\Domain.Tests\Assessments.Domain.Tests.csproj", "{63DBEAF4-BC0F-4730-8950-1E1C45686DCA}"
EndProject
Project("{FAE04EC0-301F-11D3-BF4B-00C04F79EFBC}") = "Assessments.Application", "src\Backend\Assessments\Application\Assessments.Application.csproj", "{BA40F9E2-7756-4C05-99D3-21EE51582E32}"
EndProject
Project("{FAE04EC0-301F-11D3-BF4B-00C04F79EFBC}") = "Assessments.Application.Tests", "src\Backend\Assessments\Application.Tests\Assessments.Application.Tests.csproj", "{239D009F-1D48-4F13-9469-932648988891}"
EndProject
Project("{FAE04EC0-301F-11D3-BF4B-00C04F79EFBC}") = "Assessments.Infrastructure", "src\Backend\Assessments\Infrastructure\Assessments.Infrastructure.csproj", "{369457E3-FD0B-47DE-AF6A-32AC0046621F}"
EndProject
Project("{FAE04EC0-301F-11D3-BF4B-00C04F79EFBC}") = "Assessments.Infrastructure.Tests", "src\Backend\Assessments\Infrastructure.Tests\Assessments.Infrastructure.Tests.csproj", "{4170B242-FBB2-468C-9F09-DE942511BBFA}"
EndProject
Global
	GlobalSection(SolutionConfigurationPlatforms) = preSolution
		Debug|Any CPU = Debug|Any CPU
		Release|Any CPU = Release|Any CPU
	EndGlobalSection
	GlobalSection(SolutionProperties) = preSolution
		HideSolutionNode = FALSE
	EndGlobalSection
	GlobalSection(ProjectConfigurationPlatforms) = postSolution
		{6D661117-8711-4100-8D62-48265D8FF594}.Debug|Any CPU.ActiveCfg = Debug|Any CPU
		{6D661117-8711-4100-8D62-48265D8FF594}.Debug|Any CPU.Build.0 = Debug|Any CPU
		{6D661117-8711-4100-8D62-48265D8FF594}.Release|Any CPU.ActiveCfg = Release|Any CPU
		{6D661117-8711-4100-8D62-48265D8FF594}.Release|Any CPU.Build.0 = Release|Any CPU
		{8F7FB483-1CA1-4D2E-9C9F-1243B166B7E9}.Debug|Any CPU.ActiveCfg = Debug|Any CPU
		{8F7FB483-1CA1-4D2E-9C9F-1243B166B7E9}.Debug|Any CPU.Build.0 = Debug|Any CPU
		{8F7FB483-1CA1-4D2E-9C9F-1243B166B7E9}.Release|Any CPU.ActiveCfg = Release|Any CPU
		{8F7FB483-1CA1-4D2E-9C9F-1243B166B7E9}.Release|Any CPU.Build.0 = Release|Any CPU
		{95F20A2F-F23D-4B00-8947-26A72AC9FC82}.Debug|Any CPU.ActiveCfg = Debug|Any CPU
		{95F20A2F-F23D-4B00-8947-26A72AC9FC82}.Debug|Any CPU.Build.0 = Debug|Any CPU
		{95F20A2F-F23D-4B00-8947-26A72AC9FC82}.Release|Any CPU.ActiveCfg = Release|Any CPU
		{95F20A2F-F23D-4B00-8947-26A72AC9FC82}.Release|Any CPU.Build.0 = Release|Any CPU
		{553014A3-5353-49C1-AB58-83B77E98AA59}.Debug|Any CPU.ActiveCfg = Debug|Any CPU
		{553014A3-5353-49C1-AB58-83B77E98AA59}.Debug|Any CPU.Build.0 = Debug|Any CPU
		{553014A3-5353-49C1-AB58-83B77E98AA59}.Release|Any CPU.ActiveCfg = Release|Any CPU
		{553014A3-5353-49C1-AB58-83B77E98AA59}.Release|Any CPU.Build.0 = Release|Any CPU
		{860152AE-A145-4896-A44F-E1E483FB7E06}.Debug|Any CPU.ActiveCfg = Debug|Any CPU
		{860152AE-A145-4896-A44F-E1E483FB7E06}.Debug|Any CPU.Build.0 = Debug|Any CPU
		{860152AE-A145-4896-A44F-E1E483FB7E06}.Release|Any CPU.ActiveCfg = Release|Any CPU
		{860152AE-A145-4896-A44F-E1E483FB7E06}.Release|Any CPU.Build.0 = Release|Any CPU
		{635214D8-3F2C-4CE2-ADB4-C5028E131DEA}.Debug|Any CPU.ActiveCfg = Debug|Any CPU
		{635214D8-3F2C-4CE2-ADB4-C5028E131DEA}.Debug|Any CPU.Build.0 = Debug|Any CPU
		{635214D8-3F2C-4CE2-ADB4-C5028E131DEA}.Release|Any CPU.ActiveCfg = Release|Any CPU
		{635214D8-3F2C-4CE2-ADB4-C5028E131DEA}.Release|Any CPU.Build.0 = Release|Any CPU
		{95F2C4F7-D786-40B3-8724-67E59E11F4B1}.Debug|Any CPU.ActiveCfg = Debug|Any CPU
		{95F2C4F7-D786-40B3-8724-67E59E11F4B1}.Debug|Any CPU.Build.0 = Debug|Any CPU
		{95F2C4F7-D786-40B3-8724-67E59E11F4B1}.Release|Any CPU.ActiveCfg = Release|Any CPU
		{95F2C4F7-D786-40B3-8724-67E59E11F4B1}.Release|Any CPU.Build.0 = Release|Any CPU
		{324C9180-BA6A-4273-A80A-3391B91EA80F}.Debug|Any CPU.ActiveCfg = Debug|Any CPU
		{324C9180-BA6A-4273-A80A-3391B91EA80F}.Debug|Any CPU.Build.0 = Debug|Any CPU
		{324C9180-BA6A-4273-A80A-3391B91EA80F}.Release|Any CPU.ActiveCfg = Release|Any CPU
		{324C9180-BA6A-4273-A80A-3391B91EA80F}.Release|Any CPU.Build.0 = Release|Any CPU
		{9D1780B0-1ED6-4BAE-B6D0-2042097FCC19}.Debug|Any CPU.ActiveCfg = Debug|Any CPU
		{9D1780B0-1ED6-4BAE-B6D0-2042097FCC19}.Debug|Any CPU.Build.0 = Debug|Any CPU
		{9D1780B0-1ED6-4BAE-B6D0-2042097FCC19}.Release|Any CPU.ActiveCfg = Release|Any CPU
		{9D1780B0-1ED6-4BAE-B6D0-2042097FCC19}.Release|Any CPU.Build.0 = Release|Any CPU
		{B7912B1C-C7A9-47D6-AC54-6527582DE3F6}.Debug|Any CPU.ActiveCfg = Debug|Any CPU
		{B7912B1C-C7A9-47D6-AC54-6527582DE3F6}.Debug|Any CPU.Build.0 = Debug|Any CPU
		{B7912B1C-C7A9-47D6-AC54-6527582DE3F6}.Release|Any CPU.ActiveCfg = Release|Any CPU
		{B7912B1C-C7A9-47D6-AC54-6527582DE3F6}.Release|Any CPU.Build.0 = Release|Any CPU
		{45C9479E-2D1F-483E-9A71-F3B29EFC951E}.Debug|Any CPU.ActiveCfg = Debug|Any CPU
		{45C9479E-2D1F-483E-9A71-F3B29EFC951E}.Debug|Any CPU.Build.0 = Debug|Any CPU
		{45C9479E-2D1F-483E-9A71-F3B29EFC951E}.Release|Any CPU.ActiveCfg = Release|Any CPU
		{45C9479E-2D1F-483E-9A71-F3B29EFC951E}.Release|Any CPU.Build.0 = Release|Any CPU
		{FFEE01A7-F1E3-4075-84B4-8D15E31E3B33}.Debug|Any CPU.ActiveCfg = Debug|Any CPU
		{FFEE01A7-F1E3-4075-84B4-8D15E31E3B33}.Debug|Any CPU.Build.0 = Debug|Any CPU
		{FFEE01A7-F1E3-4075-84B4-8D15E31E3B33}.Release|Any CPU.ActiveCfg = Release|Any CPU
		{FFEE01A7-F1E3-4075-84B4-8D15E31E3B33}.Release|Any CPU.Build.0 = Release|Any CPU
		{1B83E3D1-E7CB-4999-83A9-D8FC80A84B96}.Debug|Any CPU.ActiveCfg = Debug|Any CPU
		{1B83E3D1-E7CB-4999-83A9-D8FC80A84B96}.Debug|Any CPU.Build.0 = Debug|Any CPU
		{1B83E3D1-E7CB-4999-83A9-D8FC80A84B96}.Release|Any CPU.ActiveCfg = Release|Any CPU
		{1B83E3D1-E7CB-4999-83A9-D8FC80A84B96}.Release|Any CPU.Build.0 = Release|Any CPU
		{007490D3-8C07-4488-9141-F627E0A99F7F}.Debug|Any CPU.ActiveCfg = Debug|Any CPU
		{007490D3-8C07-4488-9141-F627E0A99F7F}.Debug|Any CPU.Build.0 = Debug|Any CPU
		{007490D3-8C07-4488-9141-F627E0A99F7F}.Release|Any CPU.ActiveCfg = Release|Any CPU
		{007490D3-8C07-4488-9141-F627E0A99F7F}.Release|Any CPU.Build.0 = Release|Any CPU
		{E3E9590A-A66A-44A5-9DF3-1AAD198EFC33}.Debug|Any CPU.ActiveCfg = Debug|Any CPU
		{E3E9590A-A66A-44A5-9DF3-1AAD198EFC33}.Debug|Any CPU.Build.0 = Debug|Any CPU
		{E3E9590A-A66A-44A5-9DF3-1AAD198EFC33}.Release|Any CPU.ActiveCfg = Release|Any CPU
		{E3E9590A-A66A-44A5-9DF3-1AAD198EFC33}.Release|Any CPU.Build.0 = Release|Any CPU
		{63DBEAF4-BC0F-4730-8950-1E1C45686DCA}.Debug|Any CPU.ActiveCfg = Debug|Any CPU
		{63DBEAF4-BC0F-4730-8950-1E1C45686DCA}.Debug|Any CPU.Build.0 = Debug|Any CPU
		{63DBEAF4-BC0F-4730-8950-1E1C45686DCA}.Release|Any CPU.ActiveCfg = Release|Any CPU
		{63DBEAF4-BC0F-4730-8950-1E1C45686DCA}.Release|Any CPU.Build.0 = Release|Any CPU
		{BA40F9E2-7756-4C05-99D3-21EE51582E32}.Debug|Any CPU.ActiveCfg = Debug|Any CPU
		{BA40F9E2-7756-4C05-99D3-21EE51582E32}.Debug|Any CPU.Build.0 = Debug|Any CPU
		{BA40F9E2-7756-4C05-99D3-21EE51582E32}.Release|Any CPU.ActiveCfg = Release|Any CPU
		{BA40F9E2-7756-4C05-99D3-21EE51582E32}.Release|Any CPU.Build.0 = Release|Any CPU
		{239D009F-1D48-4F13-9469-932648988891}.Debug|Any CPU.ActiveCfg = Debug|Any CPU
		{239D009F-1D48-4F13-9469-932648988891}.Debug|Any CPU.Build.0 = Debug|Any CPU
		{239D009F-1D48-4F13-9469-932648988891}.Release|Any CPU.ActiveCfg = Release|Any CPU
		{239D009F-1D48-4F13-9469-932648988891}.Release|Any CPU.Build.0 = Release|Any CPU
		{369457E3-FD0B-47DE-AF6A-32AC0046621F}.Debug|Any CPU.ActiveCfg = Debug|Any CPU
		{369457E3-FD0B-47DE-AF6A-32AC0046621F}.Debug|Any CPU.Build.0 = Debug|Any CPU
		{369457E3-FD0B-47DE-AF6A-32AC0046621F}.Release|Any CPU.ActiveCfg = Release|Any CPU
		{369457E3-FD0B-47DE-AF6A-32AC0046621F}.Release|Any CPU.Build.0 = Release|Any CPU
		{4170B242-FBB2-468C-9F09-DE942511BBFA}.Debug|Any CPU.ActiveCfg = Debug|Any CPU
		{4170B242-FBB2-468C-9F09-DE942511BBFA}.Debug|Any CPU.Build.0 = Debug|Any CPU
		{4170B242-FBB2-468C-9F09-DE942511BBFA}.Release|Any CPU.ActiveCfg = Release|Any CPU
		{4170B242-FBB2-468C-9F09-DE942511BBFA}.Release|Any CPU.Build.0 = Release|Any CPU
	EndGlobalSection
	GlobalSection(NestedProjects) = preSolution
		{E6BB1596-9696-4D59-9F16-29EDB4CAC1A3} = {BCDBA371-0EB3-49B5-8AD5-F6F55ADB9129}
		{E429A8FE-C9A4-41B1-8275-B21ACAFB97CF} = {E6BB1596-9696-4D59-9F16-29EDB4CAC1A3}
		{6D661117-8711-4100-8D62-48265D8FF594} = {E429A8FE-C9A4-41B1-8275-B21ACAFB97CF}
		{8F7FB483-1CA1-4D2E-9C9F-1243B166B7E9} = {E429A8FE-C9A4-41B1-8275-B21ACAFB97CF}
		{5AD09FDA-77EE-42DE-9265-6AC03DE865DE} = {E6BB1596-9696-4D59-9F16-29EDB4CAC1A3}
		{95F20A2F-F23D-4B00-8947-26A72AC9FC82} = {5AD09FDA-77EE-42DE-9265-6AC03DE865DE}
		{553014A3-5353-49C1-AB58-83B77E98AA59} = {5AD09FDA-77EE-42DE-9265-6AC03DE865DE}
		{860152AE-A145-4896-A44F-E1E483FB7E06} = {5AD09FDA-77EE-42DE-9265-6AC03DE865DE}
		{635214D8-3F2C-4CE2-ADB4-C5028E131DEA} = {5AD09FDA-77EE-42DE-9265-6AC03DE865DE}
		{95F2C4F7-D786-40B3-8724-67E59E11F4B1} = {5AD09FDA-77EE-42DE-9265-6AC03DE865DE}
		{324C9180-BA6A-4273-A80A-3391B91EA80F} = {5AD09FDA-77EE-42DE-9265-6AC03DE865DE}
		{F06FF958-B52F-4BED-BC7E-AD2A4E576309} = {E6BB1596-9696-4D59-9F16-29EDB4CAC1A3}
		{9D1780B0-1ED6-4BAE-B6D0-2042097FCC19} = {F06FF958-B52F-4BED-BC7E-AD2A4E576309}
		{B7912B1C-C7A9-47D6-AC54-6527582DE3F6} = {F06FF958-B52F-4BED-BC7E-AD2A4E576309}
		{45C9479E-2D1F-483E-9A71-F3B29EFC951E} = {F06FF958-B52F-4BED-BC7E-AD2A4E576309}
		{FFEE01A7-F1E3-4075-84B4-8D15E31E3B33} = {F06FF958-B52F-4BED-BC7E-AD2A4E576309}
		{1B83E3D1-E7CB-4999-83A9-D8FC80A84B96} = {F06FF958-B52F-4BED-BC7E-AD2A4E576309}
		{007490D3-8C07-4488-9141-F627E0A99F7F} = {F06FF958-B52F-4BED-BC7E-AD2A4E576309}
		{EB714F04-043F-48EB-9238-0BE61E20C4D6} = {E6BB1596-9696-4D59-9F16-29EDB4CAC1A3}
		{E3E9590A-A66A-44A5-9DF3-1AAD198EFC33} = {EB714F04-043F-48EB-9238-0BE61E20C4D6}
		{63DBEAF4-BC0F-4730-8950-1E1C45686DCA} = {EB714F04-043F-48EB-9238-0BE61E20C4D6}
		{BA40F9E2-7756-4C05-99D3-21EE51582E32} = {EB714F04-043F-48EB-9238-0BE61E20C4D6}
		{239D009F-1D48-4F13-9469-932648988891} = {EB714F04-043F-48EB-9238-0BE61E20C4D6}
		{369457E3-FD0B-47DE-AF6A-32AC0046621F} = {EB714F04-043F-48EB-9238-0BE61E20C4D6}
		{4170B242-FBB2-468C-9F09-DE942511BBFA} = {EB714F04-043F-48EB-9238-0BE61E20C4D6}
	EndGlobalSection
EndGlobal
